
Microsoft Visual Studio Solution File, Format Version 12.00
# Visual Studio Version 17
VisualStudioVersion = 17.11.35327.3
MinimumVisualStudioVersion = 10.0.40219.1
Project("{8BC9CEB8-8B4A-11D0-8D11-00A0C91BC942}") = "laba3_One_list", "laba3_One_Double_list\laba3_One_Double_list.vcxproj", "{61042DC4-BC49-4002-8BC9-ABBA635E0B4E}"
EndProject
Project("{8BC9CEB8-8B4A-11D0-8D11-00A0C91BC942}") = "Test", "Test\Test.vcxproj", "{FD229831-0699-476A-9A21-C7DDB2C5E0DE}"
EndProject
Global
	GlobalSection(SolutionConfigurationPlatforms) = preSolution
		Debug|x64 = Debug|x64
		Debug|x86 = Debug|x86
		Release|x64 = Release|x64
		Release|x86 = Release|x86
	EndGlobalSection
	GlobalSection(ProjectConfigurationPlatforms) = postSolution
		{61042DC4-BC49-4002-8BC9-ABBA635E0B4E}.Debug|x64.ActiveCfg = Debug|x64
		{61042DC4-BC49-4002-8BC9-ABBA635E0B4E}.Debug|x64.Build.0 = Debug|x64
		{61042DC4-BC49-4002-8BC9-ABBA635E0B4E}.Debug|x86.ActiveCfg = Debug|Win32
		{61042DC4-BC49-4002-8BC9-ABBA635E0B4E}.Debug|x86.Build.0 = Debug|Win32
		{61042DC4-BC49-4002-8BC9-ABBA635E0B4E}.Release|x64.ActiveCfg = Release|x64
		{61042DC4-BC49-4002-8BC9-ABBA635E0B4E}.Release|x64.Build.0 = Release|x64
		{61042DC4-BC49-4002-8BC9-ABBA635E0B4E}.Release|x86.ActiveCfg = Release|Win32
		{61042DC4-BC49-4002-8BC9-ABBA635E0B4E}.Release|x86.Build.0 = Release|Win32
		{FD229831-0699-476A-9A21-C7DDB2C5E0DE}.Debug|x64.ActiveCfg = Debug|x64
		{FD229831-0699-476A-9A21-C7DDB2C5E0DE}.Debug|x64.Build.0 = Debug|x64
		{FD229831-0699-476A-9A21-C7DDB2C5E0DE}.Debug|x86.ActiveCfg = Debug|Win32
		{FD229831-0699-476A-9A21-C7DDB2C5E0DE}.Debug|x86.Build.0 = Debug|Win32
		{FD229831-0699-476A-9A21-C7DDB2C5E0DE}.Release|x64.ActiveCfg = Release|x64
		{FD229831-0699-476A-9A21-C7DDB2C5E0DE}.Release|x64.Build.0 = Release|x64
		{FD229831-0699-476A-9A21-C7DDB2C5E0DE}.Release|x86.ActiveCfg = Release|Win32
		{FD229831-0699-476A-9A21-C7DDB2C5E0DE}.Release|x86.Build.0 = Release|Win32
	EndGlobalSection
	GlobalSection(SolutionProperties) = preSolution
		HideSolutionNode = FALSE
	EndGlobalSection
	GlobalSection(ExtensibilityGlobals) = postSolution
		SolutionGuid = {F4DE8A00-886F-4486-8446-E4AA5283D929}
	EndGlobalSection
EndGlobal
